
Microsoft Visual Studio Solution File, Format Version 12.00
# Visual Studio Version 16
VisualStudioVersion = 16.0.31424.327
MinimumVisualStudioVersion = 10.0.40219.1
Project("{8BC9CEB8-8B4A-11D0-8D11-00A0C91BC942}") = "DataContainers", "DataContainers\DataContainers.vcxproj", "{3127FF34-929B-4D35-90D7-A5DE04C014F1}"
EndProject
Project("{8BC9CEB8-8B4A-11D0-8D11-00A0C91BC942}") = "ForwardList", "ForwardList\ForwardList.vcxproj", "{BA35A6D4-07BF-4A76-AB9F-0DE22C5B8519}"
EndProject
Project("{8BC9CEB8-8B4A-11D0-8D11-00A0C91BC942}") = "List2", "List2\List2.vcxproj", "{FBB088E1-8A32-46DD-8C3D-A386D794CB74}"
EndProject
Global
	GlobalSection(SolutionConfigurationPlatforms) = preSolution
		Debug|x64 = Debug|x64
		Debug|x86 = Debug|x86
		Release|x64 = Release|x64
		Release|x86 = Release|x86
	EndGlobalSection
	GlobalSection(ProjectConfigurationPlatforms) = postSolution
		{3127FF34-929B-4D35-90D7-A5DE04C014F1}.Debug|x64.ActiveCfg = Debug|x64
		{3127FF34-929B-4D35-90D7-A5DE04C014F1}.Debug|x64.Build.0 = Debug|x64
		{3127FF34-929B-4D35-90D7-A5DE04C014F1}.Debug|x86.ActiveCfg = Debug|Win32
		{3127FF34-929B-4D35-90D7-A5DE04C014F1}.Debug|x86.Build.0 = Debug|Win32
		{3127FF34-929B-4D35-90D7-A5DE04C014F1}.Release|x64.ActiveCfg = Release|x64
		{3127FF34-929B-4D35-90D7-A5DE04C014F1}.Release|x64.Build.0 = Release|x64
		{3127FF34-929B-4D35-90D7-A5DE04C014F1}.Release|x86.ActiveCfg = Release|Win32
		{3127FF34-929B-4D35-90D7-A5DE04C014F1}.Release|x86.Build.0 = Release|Win32
		{BA35A6D4-07BF-4A76-AB9F-0DE22C5B8519}.Debug|x64.ActiveCfg = Debug|x64
		{BA35A6D4-07BF-4A76-AB9F-0DE22C5B8519}.Debug|x64.Build.0 = Debug|x64
		{BA35A6D4-07BF-4A76-AB9F-0DE22C5B8519}.Debug|x86.ActiveCfg = Debug|Win32
		{BA35A6D4-07BF-4A76-AB9F-0DE22C5B8519}.Debug|x86.Build.0 = Debug|Win32
		{BA35A6D4-07BF-4A76-AB9F-0DE22C5B8519}.Release|x64.ActiveCfg = Release|x64
		{BA35A6D4-07BF-4A76-AB9F-0DE22C5B8519}.Release|x64.Build.0 = Release|x64
		{BA35A6D4-07BF-4A76-AB9F-0DE22C5B8519}.Release|x86.ActiveCfg = Release|Win32
		{BA35A6D4-07BF-4A76-AB9F-0DE22C5B8519}.Release|x86.Build.0 = Release|Win32
		{FBB088E1-8A32-46DD-8C3D-A386D794CB74}.Debug|x64.ActiveCfg = Debug|x64
		{FBB088E1-8A32-46DD-8C3D-A386D794CB74}.Debug|x64.Build.0 = Debug|x64
		{FBB088E1-8A32-46DD-8C3D-A386D794CB74}.Debug|x86.ActiveCfg = Debug|Win32
		{FBB088E1-8A32-46DD-8C3D-A386D794CB74}.Debug|x86.Build.0 = Debug|Win32
		{FBB088E1-8A32-46DD-8C3D-A386D794CB74}.Release|x64.ActiveCfg = Release|x64
		{FBB088E1-8A32-46DD-8C3D-A386D794CB74}.Release|x64.Build.0 = Release|x64
		{FBB088E1-8A32-46DD-8C3D-A386D794CB74}.Release|x86.ActiveCfg = Release|Win32
		{FBB088E1-8A32-46DD-8C3D-A386D794CB74}.Release|x86.Build.0 = Release|Win32
	EndGlobalSection
	GlobalSection(SolutionProperties) = preSolution
		HideSolutionNode = FALSE
	EndGlobalSection
	GlobalSection(ExtensibilityGlobals) = postSolution
		SolutionGuid = {ECA23B07-87C7-4E65-B4BF-D72B1E3713C3}
	EndGlobalSection
EndGlobal
