
Microsoft Visual Studio Solution File, Format Version 12.00
# Visual Studio Version 16
VisualStudioVersion = 16.0.31025.194
MinimumVisualStudioVersion = 10.0.40219.1
Project("{8BC9CEB8-8B4A-11D0-8D11-00A0C91BC942}") = "Inheritance", "Inheritance\Inheritance.vcxproj", "{3BC32276-19FB-40CD-94C7-9CF3021F4AC1}"
EndProject
Project("{8BC9CEB8-8B4A-11D0-8D11-00A0C91BC942}") = "Academy", "Academy\Academy.vcxproj", "{1C679EE2-4395-43E5-9064-46EE85894120}"
EndProject
Project("{8BC9CEB8-8B4A-11D0-8D11-00A0C91BC942}") = "RegularExp", "RegularExp\RegularExp.vcxproj", "{FA3CD3C6-BDE0-44BF-9315-B7A55630DE15}"
EndProject
Project("{8BC9CEB8-8B4A-11D0-8D11-00A0C91BC942}") = "Abstract", "Abstract\Abstract.vcxproj", "{A39ACC17-0770-40F0-99AA-50557269F233}"
EndProject
Global
	GlobalSection(SolutionConfigurationPlatforms) = preSolution
		Debug|x64 = Debug|x64
		Debug|x86 = Debug|x86
		Release|x64 = Release|x64
		Release|x86 = Release|x86
	EndGlobalSection
	GlobalSection(ProjectConfigurationPlatforms) = postSolution
		{3BC32276-19FB-40CD-94C7-9CF3021F4AC1}.Debug|x64.ActiveCfg = Debug|x64
		{3BC32276-19FB-40CD-94C7-9CF3021F4AC1}.Debug|x64.Build.0 = Debug|x64
		{3BC32276-19FB-40CD-94C7-9CF3021F4AC1}.Debug|x86.ActiveCfg = Debug|Win32
		{3BC32276-19FB-40CD-94C7-9CF3021F4AC1}.Debug|x86.Build.0 = Debug|Win32
		{3BC32276-19FB-40CD-94C7-9CF3021F4AC1}.Release|x64.ActiveCfg = Release|x64
		{3BC32276-19FB-40CD-94C7-9CF3021F4AC1}.Release|x64.Build.0 = Release|x64
		{3BC32276-19FB-40CD-94C7-9CF3021F4AC1}.Release|x86.ActiveCfg = Release|Win32
		{3BC32276-19FB-40CD-94C7-9CF3021F4AC1}.Release|x86.Build.0 = Release|Win32
		{1C679EE2-4395-43E5-9064-46EE85894120}.Debug|x64.ActiveCfg = Debug|x64
		{1C679EE2-4395-43E5-9064-46EE85894120}.Debug|x64.Build.0 = Debug|x64
		{1C679EE2-4395-43E5-9064-46EE85894120}.Debug|x86.ActiveCfg = Debug|Win32
		{1C679EE2-4395-43E5-9064-46EE85894120}.Debug|x86.Build.0 = Debug|Win32
		{1C679EE2-4395-43E5-9064-46EE85894120}.Release|x64.ActiveCfg = Release|x64
		{1C679EE2-4395-43E5-9064-46EE85894120}.Release|x64.Build.0 = Release|x64
		{1C679EE2-4395-43E5-9064-46EE85894120}.Release|x86.ActiveCfg = Release|Win32
		{1C679EE2-4395-43E5-9064-46EE85894120}.Release|x86.Build.0 = Release|Win32
		{FA3CD3C6-BDE0-44BF-9315-B7A55630DE15}.Debug|x64.ActiveCfg = Debug|x64
		{FA3CD3C6-BDE0-44BF-9315-B7A55630DE15}.Debug|x64.Build.0 = Debug|x64
		{FA3CD3C6-BDE0-44BF-9315-B7A55630DE15}.Debug|x86.ActiveCfg = Debug|Win32
		{FA3CD3C6-BDE0-44BF-9315-B7A55630DE15}.Debug|x86.Build.0 = Debug|Win32
		{FA3CD3C6-BDE0-44BF-9315-B7A55630DE15}.Release|x64.ActiveCfg = Release|x64
		{FA3CD3C6-BDE0-44BF-9315-B7A55630DE15}.Release|x64.Build.0 = Release|x64
		{FA3CD3C6-BDE0-44BF-9315-B7A55630DE15}.Release|x86.ActiveCfg = Release|Win32
		{FA3CD3C6-BDE0-44BF-9315-B7A55630DE15}.Release|x86.Build.0 = Release|Win32
		{A39ACC17-0770-40F0-99AA-50557269F233}.Debug|x64.ActiveCfg = Debug|x64
		{A39ACC17-0770-40F0-99AA-50557269F233}.Debug|x64.Build.0 = Debug|x64
		{A39ACC17-0770-40F0-99AA-50557269F233}.Debug|x86.ActiveCfg = Debug|Win32
		{A39ACC17-0770-40F0-99AA-50557269F233}.Debug|x86.Build.0 = Debug|Win32
		{A39ACC17-0770-40F0-99AA-50557269F233}.Release|x64.ActiveCfg = Release|x64
		{A39ACC17-0770-40F0-99AA-50557269F233}.Release|x64.Build.0 = Release|x64
		{A39ACC17-0770-40F0-99AA-50557269F233}.Release|x86.ActiveCfg = Release|Win32
		{A39ACC17-0770-40F0-99AA-50557269F233}.Release|x86.Build.0 = Release|Win32
	EndGlobalSection
	GlobalSection(SolutionProperties) = preSolution
		HideSolutionNode = FALSE
	EndGlobalSection
	GlobalSection(ExtensibilityGlobals) = postSolution
		SolutionGuid = {630D757E-3614-4664-852A-3C7ED328FE83}
	EndGlobalSection
EndGlobal
